dappco.re/go v0.12.0 h1:lotJop5nvhrIQ1J2L5IP37H72ihnQnIjNzFT0iMEfx0=
dappco.re/go v0.12.0/go.mod h1:xapr7fLK4/9Pu2iSCr4qZuIuatmtx1j56zS/oPDbGyQ=
github.com/goccy/go-json v0.10.6 h1:p8HrPJzOakx/mn/bQtjgNjdTcN+/S6FcG2CTtQOrHVU=
github.com/goccy/go-json v0.10.6/go.mod h1:oq7eo15ShAhp70Anwd5lgX2pLfOS3QCiwU/PULtXL6M=
